// !$*UTF8*$!
{
	archiveVersion = 1;
	classes = {
	};
	objectVersion = 48;
	objects = {

/* Begin PBXBuildFile section */
		CA64DC5C2074F2BE0071BBE3 /* AppDelegate.m in Sources */ = {isa = PBXBuildFile; fileRef = CA64DC5B2074F2BE0071BBE3 /* AppDelegate.m */; };
		CA64DC5F2074F2BE0071BBE3 /* ViewController.m in Sources */ = {isa = PBXBuildFile; fileRef = CA64DC5E2074F2BE0071BBE3 /* ViewController.m */; };
		CA64DC622074F2BE0071BBE3 /* Main.storyboard in Resources */ = {isa = PBXBuildFile; fileRef = CA64DC602074F2BE0071BBE3 /* Main.storyboard */; };
		CA64DC642074F2BE0071BBE3 /* Assets.xcassets in Resources */ = {isa = PBXBuildFile; fileRef = CA64DC632074F2BE0071BBE3 /* Assets.xcassets */; };
		CA64DC672074F2BE0071BBE3 /* LaunchScreen.storyboard in Resources */ = {isa = PBXBuildFile; fileRef = CA64DC652074F2BE0071BBE3 /* LaunchScreen.storyboard */; };
		CA64DC6A2074F2BE0071BBE3 /* main.m in Sources */ = {isa = PBXBuildFile; fileRef = CA64DC692074F2BE0071BBE3 /* main.m */; };
/* End PBXBuildFile section */

/* Begin PBXFileReference section */
		CA64DC572074F2BE0071BBE3 /* Copy_Strong.app */ = {isa = PBXFileReference; explicitFileType = wrapper.application; includeInIndex = 0; path = Copy_Strong.app; sourceTree = BUILT_PRODUCTS_DIR; };
		CA64DC5A2074F2BE0071BBE3 /* AppDelegate.h */ = {isa = PBXFileReference; lastKnownFileType = sourcecode.c.h; path = AppDelegate.h; sourceTree = "<group>"; };
		CA64DC5B2074F2BE0071BBE3 /* AppDelegate.m */ = {isa = PBXFileReference; lastKnownFileType = sourcecode.c.objc; path = AppDelegate.m; sourceTree = "<group>"; };
		CA64DC5D2074F2BE0071BBE3 /* ViewController.h */ = {isa = PBXFileReference; lastKnownFileType = sourcecode.c.h; path = ViewController.h; sourceTree = "<group>"; };
		CA64DC5E2074F2BE0071BBE3 /* ViewController.m */ = {isa = PBXFileReference; lastKnownFileType = sourcecode.c.objc; path = ViewController.m; sourceTree = "<group>"; };
		CA64DC612074F2BE0071BBE3 /* Base */ = {isa = PBXFileReference; lastKnownFileType = file.storyboard; name = Base; path = Base.lproj/Main.storyboard; sourceTree = "<group>"; };
		CA64DC632074F2BE0071BBE3 /* Assets.xcassets */ = {isa = PBXFileReference; lastKnownFileType = folder.assetcatalog; path = Assets.xcassets; sourceTree = "<group>"; };
		CA64DC662074F2BE0071BBE3 /* Base */ = {isa = PBXFileReference; lastKnownFileType = file.storyboard; name = Base; path = Base.lproj/LaunchScreen.storyboard; sourceTree = "<group>"; };
		CA64DC682074F2BE0071BBE3 /* Info.plist */ = {isa = PBXFileReference; lastKnownFileType = text.plist.xml; path = Info.plist; sourceTree = "<group>"; };
		CA64DC692074F2BE0071BBE3 /* main.m */ = {isa = PBXFileReference; lastKnownFileType = sourcecode.c.objc; path = main.m; sourceTree = "<group>"; };
/* End PBXFileReference section */

/* Begin PBXFrameworksBuildPhase section */
		CA64DC542074F2BE0071BBE3 /* Frameworks */ = {
			isa = PBXFrameworksBuildPhase;
			buildActionMask = 2147483647;
			files = (
			);
			runOnlyForDeploymentPostprocessing = 0;
		};
/* End PBXFrameworksBuildPhase section */

/* Begin PBXGroup section */
		CA64DC4E2074F2BE0071BBE3 = {
			isa = PBXGroup;
			children = (
				CA64DC592074F2BE0071BBE3 /* Copy_Strong */,
				CA64DC582074F2BE0071BBE3 /* Products */,
			);
			sourceTree = "<group>";
		};
		CA64DC582074F2BE0071BBE3 /* Products */ = {
			isa = PBXGroup;
			children = (
				CA64DC572074F2BE0071BBE3 /* Copy_Strong.app */,
			);
			name = Products;
			sourceTree = "<group>";
		};
		CA64DC592074F2BE0071BBE3 /* Copy_Strong */ = {
			isa = PBXGroup;
			children = (
				CA64DC5A2074F2BE0071BBE3 /* AppDelegate.h */,
				CA64DC5B2074F2BE0071BBE3 /* AppDelegate.m */,
				CA64DC5D2074F2BE0071BBE3 /* ViewController.h */,
				CA64DC5E2074F2BE0071BBE3 /* ViewController.m */,
				CA64DC602074F2BE0071BBE3 /* Main.storyboard */,
				CA64DC632074F2BE0071BBE3 /* Assets.xcassets */,
				CA64DC652074F2BE0071BBE3 /* LaunchScreen.storyboard */,
				CA64DC682074F2BE0071BBE3 /* Info.plist */,
				CA64DC692074F2BE0071BBE3 /* main.m */,
			);
			path = Copy_Strong;
			sourceTree = "<group>";
		};
/* End PBXGroup section */

/* Begin PBXNativeTarget section */
		CA64DC562074F2BE0071BBE3 /* Copy_Strong */ = {
			isa = PBXNativeTarget;
			buildConfigurationList = CA64DC6D2074F2BE0071BBE3 /* Build configuration list for PBXNativeTarget "Copy_Strong" */;
			buildPhases = (
				CA64DC532074F2BE0071BBE3 /* Sources */,
				CA64DC542074F2BE0071BBE3 /* Frameworks */,
				CA64DC552074F2BE0071BBE3 /* Resources */,
			);
			buildRules = (
			);
			dependencies = (
			);
			name = Copy_Strong;
			productName = Copy_Strong;
			productReference = CA64DC572074F2BE0071BBE3 /* Copy_Strong.app */;
			productType = "com.apple.product-type.application";
		};
/* End PBXNativeTarget section */

/* Begin PBXProject section */
		CA64DC4F2074F2BE0071BBE3 /* Project object */ = {
			isa = PBXProject;
			attributes = {
				LastUpgradeCheck = 0920;
				ORGANIZATIONNAME = "869518570@qq.com";
				TargetAttributes = {
					CA64DC562074F2BE0071BBE3 = {
						CreatedOnToolsVersion = 9.2;
						ProvisioningStyle = Automatic;
					};
				};
			};
			buildConfigurationList = CA64DC522074F2BE0071BBE3 /* Build configuration list for PBXProject "Copy_Strong" */;
			compatibilityVersion = "Xcode 8.0";
			developmentRegion = en;
			hasScannedForEncodings = 0;
			knownRegions = (
				en,
				Base,
			);
			mainGroup = CA64DC4E2074F2BE0071BBE3;
			productRefGroup = CA64DC582074F2BE0071BBE3 /* Products */;
			projectDirPath = "";
			projectRoot = "";
			targets = (
				CA64DC562074F2BE0071BBE3 /* Copy_Strong */,
			);
		};
/* End PBXProject section */

/* Begin PBXResourcesBuildPhase section */
		CA64DC552074F2BE0071BBE3 /* Resources */ = {
			isa = PBXResourcesBuildPhase;
			buildActionMask = 2147483647;
			files = (
				CA64DC672074F2BE0071BBE3 /* LaunchScreen.storyboard in Resources */,
				CA64DC642074F2BE0071BBE3 /* Assets.xcassets in Resources */,
				CA64DC622074F2BE0071BBE3 /* Main.storyboard in Resources */,
			);
			runOnlyForDeploymentPostprocessing = 0;
		};
/* End PBXResourcesBuildPhase section */

/* Begin PBXSourcesBuildPhase section */
		CA64DC532074F2BE0071BBE3 /* Sources */ = {
			isa = PBXSourcesBuildPhase;
			buildActionMask = 2147483647;
			files = (
				CA64DC5F2074F2BE0071BBE3 /* ViewController.m in Sources */,
				CA64DC6A2074F2BE0071BBE3 /* main.m in Sources */,
				CA64DC5C2074F2BE0071BBE3 /* AppDelegate.m in Sources */,
			);
			runOnlyForDeploymentPostprocessing = 0;
		};
/* End PBXSourcesBuildPhase section */

/* Begin PBXVariantGroup section */
		CA64DC602074F2BE0071BBE3 /* Main.storyboard */ = {
			isa = PBXVariantGroup;
			children = (
				CA64DC612074F2BE0071BBE3 /* Base */,
			);
			name = Main.storyboard;
			sourceTree = "<group>";
		};
		CA64DC652074F2BE0071BBE3 /* LaunchScreen.storyboard */ = {
			isa = PBXVariantGroup;
			children = (
				CA64DC662074F2BE0071BBE3 /* Base */,
			);
			name = LaunchScreen.storyboard;
			sourceTree = "<group>";
		};
/* End PBXVariantGroup section */

/* Begin XCBuildConfiguration section */
		CA64DC6B2074F2BE0071BBE3 /* Debug */ = {
			isa = XCBuildConfiguration;
			buildSettings = {
				ALWAYS_SEARCH_USER_PATHS = NO;
				CLANG_ANALYZER_NONNULL = YES;
				CLANG_ANALYZER_NUMBER_OBJECT_CONVERSION = YES_AGGRESSIVE;
				CLANG_CXX_LANGUAGE_STANDARD = "gnu++14";
				CLANG_CXX_LIBRARY = "libc++";
				CLANG_ENABLE_MODULES = YES;
				CLANG_ENABLE_OBJC_ARC = YES;
				CLANG_WARN_BLOCK_CAPTURE_AUTORELEASING = YES;
				CLANG_WARN_BOOL_CONVERSION = YES;
				CLANG_WARN_COMMA = YES;
				CLANG_WARN_CONSTANT_CONVERSION = YES;
				CLANG_WARN_DIRECT_OBJC_ISA_USAGE = YES_ERROR;
				CLANG_WARN_DOCUMENTATION_COMMENTS = YES;
				CLANG_WARN_EMPTY_BODY = YES;
				CLANG_WARN_ENUM_CONVERSION = YES;
				CLANG_WARN_INFINITE_RECURSION = YES;
				CLANG_WARN_INT_CONVERSION = YES;
				CLANG_WARN_NON_LITERAL_NULL_CONVERSION = YES;
				CLANG_WARN_OBJC_LITERAL_CONVERSION = YES;
				CLANG_WARN_OBJC_ROOT_CLASS = YES_ERROR;
				CLANG_WARN_RANGE_LOOP_ANALYSIS = YES;
				CLANG_WARN_STRICT_PROTOTYPES = YES;
				CLANG_WARN_SUSPICIOUS_MOVE = YES;
				CLANG_WARN_UNGUARDED_AVAILABILITY = YES_AGGRESSIVE;
				CLANG_WARN_UNREACHABLE_CODE = YES;
				CLANG_WARN__DUPLICATE_METHOD_MATCH = YES;
				CODE_SIGN_IDENTITY = "iPhone Developer";
				COPY_PHASE_STRIP = NO;
				DEBUG_INFORMATION_FORMAT = dwarf;
				ENABLE_STRICT_OBJC_MSGSEND = YES;
				ENABLE_TESTABILITY = YES;
				GCC_C_LANGUAGE_STANDARD = gnu11;
				GCC_DYNAMIC_NO_PIC = NO;
				GCC_NO_COMMON_BLOCKS = YES;
				GCC_OPTIMIZATION_LEVEL = 0;
				GCC_PREPROCESSOR_DEFINITIONS = (
					"DEBUG=1",
					"$(inherited)",
				);
				GCC_WARN_64_TO_32_BIT_CONVERSION = YES;
				GCC_WARN_ABOUT_RETURN_TYPE = YES_ERROR;
				GCC_WARN_UNDECLARED_SELECTOR = YES;
				GCC_WARN_UNINITIALIZED_AUTOS = YES_AGGRESSIVE;
				GCC_WARN_UNUSED_FUNCTION = YES;
				GCC_WARN_UNUSED_VARIABLE = YES;
				IPHONEOS_DEPLOYMENT_TARGET = 11.2;
				MTL_ENABLE_DEBUG_INFO = YES;
				ONLY_ACTIVE_ARCH = YES;
				SDKROOT = iphoneos;
			};
			name = Debug;
		};
		CA64DC6C2074F2BE0071BBE3 /* Release */ = {
			isa = XCBuildConfiguration;
			buildSettings = {
				ALWAYS_SEARCH_USER_PATHS = NO;
				CLANG_ANALYZER_NONNULL = YES;
				CLANG_ANALYZER_NUMBER_OBJECT_CONVERSION = YES_AGGRESSIVE;
				CLANG_CXX_LANGUAGE_STANDARD = "gnu++14";
				CLANG_CXX_LIBRARY = "libc++";
				CLANG_ENABLE_MODULES = YES;
				CLANG_ENABLE_OBJC_ARC = YES;
				CLANG_WARN_BLOCK_CAPTURE_AUTORELEASING = YES;
				CLANG_WARN_BOOL_CONVERSION = YES;
				CLANG_WARN_COMMA = YES;
				CLANG_WARN_CONSTANT_CONVERSION = YES;
				CLANG_WARN_DIRECT_OBJC_ISA_USAGE = YES_ERROR;
				CLANG_WARN_DOCUMENTATION_COMMENTS = YES;
				CLANG_WARN_EMPTY_BODY = YES;
				CLANG_WARN_ENUM_CONVERSION = YES;
				CLANG_WARN_INFINITE_RECURSION = YES;
				CLANG_WARN_INT_CONVERSION = YES;
				CLANG_WARN_NON_LITERAL_NULL_CONVERSION = YES;
				CLANG_WARN_OBJC_LITERAL_CONVERSION = YES;
				CLANG_WARN_OBJC_ROOT_CLASS = YES_ERROR;
				CLANG_WARN_RANGE_LOOP_ANALYSIS = YES;
				CLANG_WARN_STRICT_PROTOTYPES = YES;
				CLANG_WARN_SUSPICIOUS_MOVE = YES;
				CLANG_WARN_UNGUARDED_AVAILABILITY = YES_AGGRESSIVE;
				CLANG_WARN_UNREACHABLE_CODE = YES;
				CLANG_WARN__DUPLICATE_METHOD_MATCH = YES;
				CODE_SIGN_IDENTITY = "iPhone Developer";
				COPY_PHASE_STRIP = NO;
				DEBUG_INFORMATION_FORMAT = "dwarf-with-dsym";
				ENABLE_NS_ASSERTIONS = NO;
				ENABLE_STRICT_OBJC_MSGSEND = YES;
				GCC_C_LANGUAGE_STANDARD = gnu11;
				GCC_NO_COMMON_BLOCKS = YES;
				GCC_WARN_64_TO_32_BIT_CONVERSION = YES;
				GCC_WARN_ABOUT_RETURN_TYPE = YES_ERROR;
				GCC_WARN_UNDECLARED_SELECTOR = YES;
				GCC_WARN_UNINITIALIZED_AUTOS = YES_AGGRESSIVE;
				GCC_WARN_UNUSED_FUNCTION = YES;
				GCC_WARN_UNUSED_VARIABLE = YES;
				IPHONEOS_DEPLOYMENT_TARGET = 11.2;
				MTL_ENABLE_DEBUG_INFO = NO;
				SDKROOT = iphoneos;
				VALIDATE_PRODUCT = YES;
			};
			name = Release;
		};
		CA64DC6E2074F2BE0071BBE3 /* Debug */ = {
			isa = XCBuildConfiguration;
			buildSettings = {
				ASSETCATALOG_COMPILER_APPICON_NAME = AppIcon;
				CODE_SIGN_STYLE = Automatic;
				INFOPLIST_FILE = Copy_Strong/Info.plist;
				LD_RUNPATH_SEARCH_PATHS = "$(inherited) @executable_path/Frameworks";
				PRODUCT_BUNDLE_IDENTIFIER = "com.to-explore-future.Copy-Strong";
				PRODUCT_NAME = "$(TARGET_NAME)";
				TARGETED_DEVICE_FAMILY = "1,2";
			};
			name = Debug;
		};
		CA64DC6F2074F2BE0071BBE3 /* Release */ = {
			isa = XCBuildConfiguration;
			buildSettings = {
				ASSETCATALOG_COMPILER_APPICON_NAME = AppIcon;
				CODE_SIGN_STYLE = Automatic;
				INFOPLIST_FILE = Copy_Strong/Info.plist;
				LD_RUNPATH_SEARCH_PATHS = "$(inherited) @executable_path/Frameworks";
				PRODUCT_BUNDLE_IDENTIFIER = "com.to-explore-future.Copy-Strong";
				PRODUCT_NAME = "$(TARGET_NAME)";
				TARGETED_DEVICE_FAMILY = "1,2";
			};
			name = Release;
		};
/* End XCBuildConfiguration section */

/* Begin XCConfigurationList section */
		CA64DC522074F2BE0071BBE3 /* Build configuration list for PBXProject "Copy_Strong" */ = {
			isa = XCConfigurationList;
			buildConfigurations = (
				CA64DC6B2074F2BE0071BBE3 /* Debug */,
				CA64DC6C2074F2BE0071BBE3 /* Release */,
			);
			defaultConfigurationIsVisible = 0;
			defaultConfigurationName = Release;
		};
		CA64DC6D2074F2BE0071BBE3 /* Build configuration list for PBXNativeTarget "Copy_Strong" */ = {
			isa = XCConfigurationList;
			buildConfigurations = (
				CA64DC6E2074F2BE0071BBE3 /* Debug */,
				CA64DC6F2074F2BE0071BBE3 /* Release */,
			);
			defaultConfigurationIsVisible = 0;
			defaultConfigurationName = Release;
		};
/* End XCConfigurationList section */
	};
	rootObject = CA64DC4F2074F2BE0071BBE3 /* Project object */;
}
