// !$*UTF8*$!
{
	archiveVersion = 1;
	classes = {
	};
	objectVersion = 48;
	objects = {

/* Begin PBXBuildFile section */
		2BB6AEACBE4B17771C81D2A8 /* libPods-横屏测试.a in Frameworks */ = {isa = PBXBuildFile; fileRef = 60B0E10A410830FBAF5B16A9 /* libPods-横屏测试.a */; };
		CA47081320522EEC00978019 /* AppDelegate.m in Sources */ = {isa = PBXBuildFile; fileRef = CA47081220522EEC00978019 /* AppDelegate.m */; };
		CA47081620522EEC00978019 /* ViewController.m in Sources */ = {isa = PBXBuildFile; fileRef = CA47081520522EEC00978019 /* ViewController.m */; };
		CA47081920522EEC00978019 /* Main.storyboard in Resources */ = {isa = PBXBuildFile; fileRef = CA47081720522EEC00978019 /* Main.storyboard */; };
		CA47081B20522EEC00978019 /* Assets.xcassets in Resources */ = {isa = PBXBuildFile; fileRef = CA47081A20522EEC00978019 /* Assets.xcassets */; };
		CA47081E20522EEC00978019 /* LaunchScreen.storyboard in Resources */ = {isa = PBXBuildFile; fileRef = CA47081C20522EEC00978019 /* LaunchScreen.storyboard */; };
		CA47082120522EEC00978019 /* main.m in Sources */ = {isa = PBXBuildFile; fileRef = CA47082020522EEC00978019 /* main.m */; };
		CA47083220525A3900978019 /* LandScape.m in Sources */ = {isa = PBXBuildFile; fileRef = CA47083120525A3900978019 /* LandScape.m */; };
/* End PBXBuildFile section */

/* Begin PBXFileReference section */
		57BE7610773705C224EACAB0 /* Pods-横屏测试.debug.xcconfig */ = {isa = PBXFileReference; includeInIndex = 1; lastKnownFileType = text.xcconfig; name = "Pods-横屏测试.debug.xcconfig"; path = "Pods/Target Support Files/Pods-横屏测试/Pods-横屏测试.debug.xcconfig"; sourceTree = "<group>"; };
		60B0E10A410830FBAF5B16A9 /* libPods-横屏测试.a */ = {isa = PBXFileReference; explicitFileType = archive.ar; includeInIndex = 0; path = "libPods-横屏测试.a"; sourceTree = BUILT_PRODUCTS_DIR; };
		9EBD076AD0690FE54D1CAF88 /* Pods-横屏测试.release.xcconfig */ = {isa = PBXFileReference; includeInIndex = 1; lastKnownFileType = text.xcconfig; name = "Pods-横屏测试.release.xcconfig"; path = "Pods/Target Support Files/Pods-横屏测试/Pods-横屏测试.release.xcconfig"; sourceTree = "<group>"; };
		CA47080E20522EEC00978019 /* 横屏测试.app */ = {isa = PBXFileReference; explicitFileType = wrapper.application; includeInIndex = 0; path = "横屏测试.app"; sourceTree = BUILT_PRODUCTS_DIR; };
		CA47081120522EEC00978019 /* AppDelegate.h */ = {isa = PBXFileReference; lastKnownFileType = sourcecode.c.h; path = AppDelegate.h; sourceTree = "<group>"; };
		CA47081220522EEC00978019 /* AppDelegate.m */ = {isa = PBXFileReference; lastKnownFileType = sourcecode.c.objc; path = AppDelegate.m; sourceTree = "<group>"; };
		CA47081420522EEC00978019 /* ViewController.h */ = {isa = PBXFileReference; lastKnownFileType = sourcecode.c.h; path = ViewController.h; sourceTree = "<group>"; };
		CA47081520522EEC00978019 /* ViewController.m */ = {isa = PBXFileReference; lastKnownFileType = sourcecode.c.objc; path = ViewController.m; sourceTree = "<group>"; };
		CA47081820522EEC00978019 /* Base */ = {isa = PBXFileReference; lastKnownFileType = file.storyboard; name = Base; path = Base.lproj/Main.storyboard; sourceTree = "<group>"; };
		CA47081A20522EEC00978019 /* Assets.xcassets */ = {isa = PBXFileReference; lastKnownFileType = folder.assetcatalog; path = Assets.xcassets; sourceTree = "<group>"; };
		CA47081D20522EEC00978019 /* Base */ = {isa = PBXFileReference; lastKnownFileType = file.storyboard; name = Base; path = Base.lproj/LaunchScreen.storyboard; sourceTree = "<group>"; };
		CA47081F20522EEC00978019 /* Info.plist */ = {isa = PBXFileReference; lastKnownFileType = text.plist.xml; path = Info.plist; sourceTree = "<group>"; };
		CA47082020522EEC00978019 /* main.m */ = {isa = PBXFileReference; lastKnownFileType = sourcecode.c.objc; path = main.m; sourceTree = "<group>"; };
		CA47082720522F2B00978019 /* UIView+BLLandscape.h */ = {isa = PBXFileReference; lastKnownFileType = sourcecode.c.h; name = "UIView+BLLandscape.h"; path = "../../../../../../Downloads/demo/横竖屏/BLLandscape-master/BLLandscapeDemo/BLLandscape/UIView+BLLandscape.h"; sourceTree = "<group>"; };
		CA47082820522F2B00978019 /* UIView+BLLandscape.m */ = {isa = PBXFileReference; lastKnownFileType = sourcecode.c.objc; name = "UIView+BLLandscape.m"; path = "../../../../../../Downloads/demo/横竖屏/BLLandscape-master/BLLandscapeDemo/BLLandscape/UIView+BLLandscape.m"; sourceTree = "<group>"; };
		CA47083020525A3900978019 /* LandScape.h */ = {isa = PBXFileReference; lastKnownFileType = sourcecode.c.h; path = LandScape.h; sourceTree = "<group>"; };
		CA47083120525A3900978019 /* LandScape.m */ = {isa = PBXFileReference; lastKnownFileType = sourcecode.c.objc; path = LandScape.m; sourceTree = "<group>"; };
/* End PBXFileReference section */

/* Begin PBXFrameworksBuildPhase section */
		CA47080B20522EEC00978019 /* Frameworks */ = {
			isa = PBXFrameworksBuildPhase;
			buildActionMask = 2147483647;
			files = (
				2BB6AEACBE4B17771C81D2A8 /* libPods-横屏测试.a in Frameworks */,
			);
			runOnlyForDeploymentPostprocessing = 0;
		};
/* End PBXFrameworksBuildPhase section */

/* Begin PBXGroup section */
		CA47080520522EEC00978019 = {
			isa = PBXGroup;
			children = (
				CA47081020522EEC00978019 /* 横屏测试 */,
				CA47080F20522EEC00978019 /* Products */,
				F0C76028066931A142097B14 /* Pods */,
				CB5FA36B38B3190B3DA4868D /* Frameworks */,
			);
			sourceTree = "<group>";
		};
		CA47080F20522EEC00978019 /* Products */ = {
			isa = PBXGroup;
			children = (
				CA47080E20522EEC00978019 /* 横屏测试.app */,
			);
			name = Products;
			sourceTree = "<group>";
		};
		CA47081020522EEC00978019 /* 横屏测试 */ = {
			isa = PBXGroup;
			children = (
				CA47082720522F2B00978019 /* UIView+BLLandscape.h */,
				CA47082820522F2B00978019 /* UIView+BLLandscape.m */,
				CA47081120522EEC00978019 /* AppDelegate.h */,
				CA47081220522EEC00978019 /* AppDelegate.m */,
				CA47081420522EEC00978019 /* ViewController.h */,
				CA47081520522EEC00978019 /* ViewController.m */,
				CA47081720522EEC00978019 /* Main.storyboard */,
				CA47081A20522EEC00978019 /* Assets.xcassets */,
				CA47081C20522EEC00978019 /* LaunchScreen.storyboard */,
				CA47081F20522EEC00978019 /* Info.plist */,
				CA47082020522EEC00978019 /* main.m */,
				CA47083020525A3900978019 /* LandScape.h */,
				CA47083120525A3900978019 /* LandScape.m */,
			);
			path = "横屏测试";
			sourceTree = "<group>";
		};
		CB5FA36B38B3190B3DA4868D /* Frameworks */ = {
			isa = PBXGroup;
			children = (
				60B0E10A410830FBAF5B16A9 /* libPods-横屏测试.a */,
			);
			name = Frameworks;
			sourceTree = "<group>";
		};
		F0C76028066931A142097B14 /* Pods */ = {
			isa = PBXGroup;
			children = (
				57BE7610773705C224EACAB0 /* Pods-横屏测试.debug.xcconfig */,
				9EBD076AD0690FE54D1CAF88 /* Pods-横屏测试.release.xcconfig */,
			);
			name = Pods;
			sourceTree = "<group>";
		};
/* End PBXGroup section */

/* Begin PBXNativeTarget section */
		CA47080D20522EEC00978019 /* 横屏测试 */ = {
			isa = PBXNativeTarget;
			buildConfigurationList = CA47082420522EEC00978019 /* Build configuration list for PBXNativeTarget "横屏测试" */;
			buildPhases = (
				3196DEF670106D80403615D7 /* [CP] Check Pods Manifest.lock */,
				CA47080A20522EEC00978019 /* Sources */,
				CA47080B20522EEC00978019 /* Frameworks */,
				CA47080C20522EEC00978019 /* Resources */,
				88F850CA4C6BA79AE8547943 /* [CP] Embed Pods Frameworks */,
				B163ABE121D8ED44822BBAD0 /* [CP] Copy Pods Resources */,
			);
			buildRules = (
			);
			dependencies = (
			);
			name = "横屏测试";
			productName = "横屏测试";
			productReference = CA47080E20522EEC00978019 /* 横屏测试.app */;
			productType = "com.apple.product-type.application";
		};
/* End PBXNativeTarget section */

/* Begin PBXProject section */
		CA47080620522EEC00978019 /* Project object */ = {
			isa = PBXProject;
			attributes = {
				LastUpgradeCheck = 0920;
				ORGANIZATIONNAME = zq;
				TargetAttributes = {
					CA47080D20522EEC00978019 = {
						CreatedOnToolsVersion = 9.2;
						ProvisioningStyle = Automatic;
					};
				};
			};
			buildConfigurationList = CA47080920522EEC00978019 /* Build configuration list for PBXProject "横屏测试" */;
			compatibilityVersion = "Xcode 8.0";
			developmentRegion = en;
			hasScannedForEncodings = 0;
			knownRegions = (
				en,
				Base,
			);
			mainGroup = CA47080520522EEC00978019;
			productRefGroup = CA47080F20522EEC00978019 /* Products */;
			projectDirPath = "";
			projectRoot = "";
			targets = (
				CA47080D20522EEC00978019 /* 横屏测试 */,
			);
		};
/* End PBXProject section */

/* Begin PBXResourcesBuildPhase section */
		CA47080C20522EEC00978019 /* Resources */ = {
			isa = PBXResourcesBuildPhase;
			buildActionMask = 2147483647;
			files = (
				CA47081E20522EEC00978019 /* LaunchScreen.storyboard in Resources */,
				CA47081B20522EEC00978019 /* Assets.xcassets in Resources */,
				CA47081920522EEC00978019 /* Main.storyboard in Resources */,
			);
			runOnlyForDeploymentPostprocessing = 0;
		};
/* End PBXResourcesBuildPhase section */

/* Begin PBXShellScriptBuildPhase section */
		3196DEF670106D80403615D7 /* [CP] Check Pods Manifest.lock */ = {
			isa = PBXShellScriptBuildPhase;
			buildActionMask = 2147483647;
			files = (
			);
			inputPaths = (
				"${PODS_PODFILE_DIR_PATH}/Podfile.lock",
				"${PODS_ROOT}/Manifest.lock",
			);
			name = "[CP] Check Pods Manifest.lock";
			outputPaths = (
				"$(DERIVED_FILE_DIR)/Pods-横屏测试-checkManifestLockResult.txt",
			);
			runOnlyForDeploymentPostprocessing = 0;
			shellPath = /bin/sh;
			shellScript = "diff \"${PODS_PODFILE_DIR_PATH}/Podfile.lock\" \"${PODS_ROOT}/Manifest.lock\" > /dev/null\nif [ $? != 0 ] ; then\n    # print error to STDERR\n    echo \"error: The sandbox is not in sync with the Podfile.lock. Run 'pod install' or update your CocoaPods installation.\" >&2\n    exit 1\nfi\n# This output is used by Xcode 'outputs' to avoid re-running this script phase.\necho \"SUCCESS\" > \"${SCRIPT_OUTPUT_FILE_0}\"\n";
			showEnvVarsInLog = 0;
		};
		88F850CA4C6BA79AE8547943 /* [CP] Embed Pods Frameworks */ = {
			isa = PBXShellScriptBuildPhase;
			buildActionMask = 2147483647;
			files = (
			);
			inputPaths = (
			);
			name = "[CP] Embed Pods Frameworks";
			outputPaths = (
			);
			runOnlyForDeploymentPostprocessing = 0;
			shellPath = /bin/sh;
			shellScript = "\"${SRCROOT}/Pods/Target Support Files/Pods-横屏测试/Pods-横屏测试-frameworks.sh\"\n";
			showEnvVarsInLog = 0;
		};
		B163ABE121D8ED44822BBAD0 /* [CP] Copy Pods Resources */ = {
			isa = PBXShellScriptBuildPhase;
			buildActionMask = 2147483647;
			files = (
			);
			inputPaths = (
				"${SRCROOT}/Pods/Target Support Files/Pods-横屏测试/Pods-横屏测试-resources.sh",
				"${PODS_ROOT}/JPNavigationController/JPNavigationController/JPNavigationController.bundle",
			);
			name = "[CP] Copy Pods Resources";
			outputPaths = (
				"${TARGET_BUILD_DIR}/${UNLOCALIZED_RESOURCES_FOLDER_PATH}/JPNavigationController.bundle",
			);
			runOnlyForDeploymentPostprocessing = 0;
			shellPath = /bin/sh;
			shellScript = "\"${SRCROOT}/Pods/Target Support Files/Pods-横屏测试/Pods-横屏测试-resources.sh\"\n";
			showEnvVarsInLog = 0;
		};
/* End PBXShellScriptBuildPhase section */

/* Begin PBXSourcesBuildPhase section */
		CA47080A20522EEC00978019 /* Sources */ = {
			isa = PBXSourcesBuildPhase;
			buildActionMask = 2147483647;
			files = (
				CA47081620522EEC00978019 /* ViewController.m in Sources */,
				CA47083220525A3900978019 /* LandScape.m in Sources */,
				CA47082120522EEC00978019 /* main.m in Sources */,
				CA47081320522EEC00978019 /* AppDelegate.m in Sources */,
			);
			runOnlyForDeploymentPostprocessing = 0;
		};
/* End PBXSourcesBuildPhase section */

/* Begin PBXVariantGroup section */
		CA47081720522EEC00978019 /* Main.storyboard */ = {
			isa = PBXVariantGroup;
			children = (
				CA47081820522EEC00978019 /* Base */,
			);
			name = Main.storyboard;
			sourceTree = "<group>";
		};
		CA47081C20522EEC00978019 /* LaunchScreen.storyboard */ = {
			isa = PBXVariantGroup;
			children = (
				CA47081D20522EEC00978019 /* Base */,
			);
			name = LaunchScreen.storyboard;
			sourceTree = "<group>";
		};
/* End PBXVariantGroup section */

/* Begin XCBuildConfiguration section */
		CA47082220522EEC00978019 /* Debug */ = {
			isa = XCBuildConfiguration;
			buildSettings = {
				ALWAYS_SEARCH_USER_PATHS = NO;
				CLANG_ANALYZER_NONNULL = YES;
				CLANG_ANALYZER_NUMBER_OBJECT_CONVERSION = YES_AGGRESSIVE;
				CLANG_CXX_LANGUAGE_STANDARD = "gnu++14";
				CLANG_CXX_LIBRARY = "libc++";
				CLANG_ENABLE_MODULES = YES;
				CLANG_ENABLE_OBJC_ARC = YES;
				CLANG_WARN_BLOCK_CAPTURE_AUTORELEASING = YES;
				CLANG_WARN_BOOL_CONVERSION = YES;
				CLANG_WARN_COMMA = YES;
				CLANG_WARN_CONSTANT_CONVERSION = YES;
				CLANG_WARN_DIRECT_OBJC_ISA_USAGE = YES_ERROR;
				CLANG_WARN_DOCUMENTATION_COMMENTS = YES;
				CLANG_WARN_EMPTY_BODY = YES;
				CLANG_WARN_ENUM_CONVERSION = YES;
				CLANG_WARN_INFINITE_RECURSION = YES;
				CLANG_WARN_INT_CONVERSION = YES;
				CLANG_WARN_NON_LITERAL_NULL_CONVERSION = YES;
				CLANG_WARN_OBJC_LITERAL_CONVERSION = YES;
				CLANG_WARN_OBJC_ROOT_CLASS = YES_ERROR;
				CLANG_WARN_RANGE_LOOP_ANALYSIS = YES;
				CLANG_WARN_STRICT_PROTOTYPES = YES;
				CLANG_WARN_SUSPICIOUS_MOVE = YES;
				CLANG_WARN_UNGUARDED_AVAILABILITY = YES_AGGRESSIVE;
				CLANG_WARN_UNREACHABLE_CODE = YES;
				CLANG_WARN__DUPLICATE_METHOD_MATCH = YES;
				CODE_SIGN_IDENTITY = "iPhone Developer";
				COPY_PHASE_STRIP = NO;
				DEBUG_INFORMATION_FORMAT = dwarf;
				ENABLE_STRICT_OBJC_MSGSEND = YES;
				ENABLE_TESTABILITY = YES;
				GCC_C_LANGUAGE_STANDARD = gnu11;
				GCC_DYNAMIC_NO_PIC = NO;
				GCC_NO_COMMON_BLOCKS = YES;
				GCC_OPTIMIZATION_LEVEL = 0;
				GCC_PREPROCESSOR_DEFINITIONS = (
					"DEBUG=1",
					"$(inherited)",
				);
				GCC_WARN_64_TO_32_BIT_CONVERSION = YES;
				GCC_WARN_ABOUT_RETURN_TYPE = YES_ERROR;
				GCC_WARN_UNDECLARED_SELECTOR = YES;
				GCC_WARN_UNINITIALIZED_AUTOS = YES_AGGRESSIVE;
				GCC_WARN_UNUSED_FUNCTION = YES;
				GCC_WARN_UNUSED_VARIABLE = YES;
				IPHONEOS_DEPLOYMENT_TARGET = 11.2;
				MTL_ENABLE_DEBUG_INFO = YES;
				ONLY_ACTIVE_ARCH = YES;
				SDKROOT = iphoneos;
			};
			name = Debug;
		};
		CA47082320522EEC00978019 /* Release */ = {
			isa = XCBuildConfiguration;
			buildSettings = {
				ALWAYS_SEARCH_USER_PATHS = NO;
				CLANG_ANALYZER_NONNULL = YES;
				CLANG_ANALYZER_NUMBER_OBJECT_CONVERSION = YES_AGGRESSIVE;
				CLANG_CXX_LANGUAGE_STANDARD = "gnu++14";
				CLANG_CXX_LIBRARY = "libc++";
				CLANG_ENABLE_MODULES = YES;
				CLANG_ENABLE_OBJC_ARC = YES;
				CLANG_WARN_BLOCK_CAPTURE_AUTORELEASING = YES;
				CLANG_WARN_BOOL_CONVERSION = YES;
				CLANG_WARN_COMMA = YES;
				CLANG_WARN_CONSTANT_CONVERSION = YES;
				CLANG_WARN_DIRECT_OBJC_ISA_USAGE = YES_ERROR;
				CLANG_WARN_DOCUMENTATION_COMMENTS = YES;
				CLANG_WARN_EMPTY_BODY = YES;
				CLANG_WARN_ENUM_CONVERSION = YES;
				CLANG_WARN_INFINITE_RECURSION = YES;
				CLANG_WARN_INT_CONVERSION = YES;
				CLANG_WARN_NON_LITERAL_NULL_CONVERSION = YES;
				CLANG_WARN_OBJC_LITERAL_CONVERSION = YES;
				CLANG_WARN_OBJC_ROOT_CLASS = YES_ERROR;
				CLANG_WARN_RANGE_LOOP_ANALYSIS = YES;
				CLANG_WARN_STRICT_PROTOTYPES = YES;
				CLANG_WARN_SUSPICIOUS_MOVE = YES;
				CLANG_WARN_UNGUARDED_AVAILABILITY = YES_AGGRESSIVE;
				CLANG_WARN_UNREACHABLE_CODE = YES;
				CLANG_WARN__DUPLICATE_METHOD_MATCH = YES;
				CODE_SIGN_IDENTITY = "iPhone Developer";
				COPY_PHASE_STRIP = NO;
				DEBUG_INFORMATION_FORMAT = "dwarf-with-dsym";
				ENABLE_NS_ASSERTIONS = NO;
				ENABLE_STRICT_OBJC_MSGSEND = YES;
				GCC_C_LANGUAGE_STANDARD = gnu11;
				GCC_NO_COMMON_BLOCKS = YES;
				GCC_WARN_64_TO_32_BIT_CONVERSION = YES;
				GCC_WARN_ABOUT_RETURN_TYPE = YES_ERROR;
				GCC_WARN_UNDECLARED_SELECTOR = YES;
				GCC_WARN_UNINITIALIZED_AUTOS = YES_AGGRESSIVE;
				GCC_WARN_UNUSED_FUNCTION = YES;
				GCC_WARN_UNUSED_VARIABLE = YES;
				IPHONEOS_DEPLOYMENT_TARGET = 11.2;
				MTL_ENABLE_DEBUG_INFO = NO;
				SDKROOT = iphoneos;
				VALIDATE_PRODUCT = YES;
			};
			name = Release;
		};
		CA47082520522EEC00978019 /* Debug */ = {
			isa = XCBuildConfiguration;
			baseConfigurationReference = 57BE7610773705C224EACAB0 /* Pods-横屏测试.debug.xcconfig */;
			buildSettings = {
				ASSETCATALOG_COMPILER_APPICON_NAME = AppIcon;
				CODE_SIGN_STYLE = Automatic;
				INFOPLIST_FILE = "横屏测试/Info.plist";
				LD_RUNPATH_SEARCH_PATHS = "$(inherited) @executable_path/Frameworks";
				PRODUCT_BUNDLE_IDENTIFIER = "com.to-explore-future.----";
				PRODUCT_NAME = "$(TARGET_NAME)";
				TARGETED_DEVICE_FAMILY = "1,2";
			};
			name = Debug;
		};
		CA47082620522EEC00978019 /* Release */ = {
			isa = XCBuildConfiguration;
			baseConfigurationReference = 9EBD076AD0690FE54D1CAF88 /* Pods-横屏测试.release.xcconfig */;
			buildSettings = {
				ASSETCATALOG_COMPILER_APPICON_NAME = AppIcon;
				CODE_SIGN_STYLE = Automatic;
				INFOPLIST_FILE = "横屏测试/Info.plist";
				LD_RUNPATH_SEARCH_PATHS = "$(inherited) @executable_path/Frameworks";
				PRODUCT_BUNDLE_IDENTIFIER = "com.to-explore-future.----";
				PRODUCT_NAME = "$(TARGET_NAME)";
				TARGETED_DEVICE_FAMILY = "1,2";
			};
			name = Release;
		};
/* End XCBuildConfiguration section */

/* Begin XCConfigurationList section */
		CA47080920522EEC00978019 /* Build configuration list for PBXProject "横屏测试" */ = {
			isa = XCConfigurationList;
			buildConfigurations = (
				CA47082220522EEC00978019 /* Debug */,
				CA47082320522EEC00978019 /* Release */,
			);
			defaultConfigurationIsVisible = 0;
			defaultConfigurationName = Release;
		};
		CA47082420522EEC00978019 /* Build configuration list for PBXNativeTarget "横屏测试" */ = {
			isa = XCConfigurationList;
			buildConfigurations = (
				CA47082520522EEC00978019 /* Debug */,
				CA47082620522EEC00978019 /* Release */,
			);
			defaultConfigurationIsVisible = 0;
			defaultConfigurationName = Release;
		};
/* End XCConfigurationList section */
	};
	rootObject = CA47080620522EEC00978019 /* Project object */;
}
