// !$*UTF8*$!
{
	archiveVersion = 1;
	classes = {
	};
	objectVersion = 46;
	objects = {

/* Begin PBXBuildFile section */
		1B34E2AF1FEE24C9005B4C6F /* main.m in Sources */ = {isa = PBXBuildFile; fileRef = 1B34E2AE1FEE24C9005B4C6F /* main.m */; };
		1B34E2B21FEE24C9005B4C6F /* AppDelegate.m in Sources */ = {isa = PBXBuildFile; fileRef = 1B34E2B11FEE24C9005B4C6F /* AppDelegate.m */; };
		1B34E2B51FEE24C9005B4C6F /* ViewController.m in Sources */ = {isa = PBXBuildFile; fileRef = 1B34E2B41FEE24C9005B4C6F /* ViewController.m */; };
		1B34E2B81FEE24C9005B4C6F /* Main.storyboard in Resources */ = {isa = PBXBuildFile; fileRef = 1B34E2B61FEE24C9005B4C6F /* Main.storyboard */; };
		1B34E2BA1FEE24C9005B4C6F /* Assets.xcassets in Resources */ = {isa = PBXBuildFile; fileRef = 1B34E2B91FEE24C9005B4C6F /* Assets.xcassets */; };
		1B34E2BD1FEE24C9005B4C6F /* LaunchScreen.storyboard in Resources */ = {isa = PBXBuildFile; fileRef = 1B34E2BB1FEE24C9005B4C6F /* LaunchScreen.storyboard */; };
		1B34E2C71FEE2C4C005B4C6F /* TableViewCell1.m in Sources */ = {isa = PBXBuildFile; fileRef = 1B34E2C61FEE2C4C005B4C6F /* TableViewCell1.m */; };
		1B34E2CA1FEE2E46005B4C6F /* TableViewCell2.m in Sources */ = {isa = PBXBuildFile; fileRef = 1B34E2C91FEE2E46005B4C6F /* TableViewCell2.m */; };
		92BA566D2AD27191A303E9F3 /* libPods-cell的高度自动计算的三方开源库.a in Frameworks */ = {isa = PBXBuildFile; fileRef = 59C21B6829D20CF30BA33632 /* libPods-cell的高度自动计算的三方开源库.a */; };
/* End PBXBuildFile section */

/* Begin PBXFileReference section */
		1B34E2AA1FEE24C9005B4C6F /* cell的高度自动计算的三方开源库.app */ = {isa = PBXFileReference; explicitFileType = wrapper.application; includeInIndex = 0; path = "cell的高度自动计算的三方开源库.app"; sourceTree = BUILT_PRODUCTS_DIR; };
		1B34E2AE1FEE24C9005B4C6F /* main.m */ = {isa = PBXFileReference; lastKnownFileType = sourcecode.c.objc; path = main.m; sourceTree = "<group>"; };
		1B34E2B01FEE24C9005B4C6F /* AppDelegate.h */ = {isa = PBXFileReference; lastKnownFileType = sourcecode.c.h; path = AppDelegate.h; sourceTree = "<group>"; };
		1B34E2B11FEE24C9005B4C6F /* AppDelegate.m */ = {isa = PBXFileReference; lastKnownFileType = sourcecode.c.objc; path = AppDelegate.m; sourceTree = "<group>"; };
		1B34E2B31FEE24C9005B4C6F /* ViewController.h */ = {isa = PBXFileReference; lastKnownFileType = sourcecode.c.h; path = ViewController.h; sourceTree = "<group>"; };
		1B34E2B41FEE24C9005B4C6F /* ViewController.m */ = {isa = PBXFileReference; lastKnownFileType = sourcecode.c.objc; path = ViewController.m; sourceTree = "<group>"; };
		1B34E2B71FEE24C9005B4C6F /* Base */ = {isa = PBXFileReference; lastKnownFileType = file.storyboard; name = Base; path = Base.lproj/Main.storyboard; sourceTree = "<group>"; };
		1B34E2B91FEE24C9005B4C6F /* Assets.xcassets */ = {isa = PBXFileReference; lastKnownFileType = folder.assetcatalog; path = Assets.xcassets; sourceTree = "<group>"; };
		1B34E2BC1FEE24C9005B4C6F /* Base */ = {isa = PBXFileReference; lastKnownFileType = file.storyboard; name = Base; path = Base.lproj/LaunchScreen.storyboard; sourceTree = "<group>"; };
		1B34E2BE1FEE24C9005B4C6F /* Info.plist */ = {isa = PBXFileReference; lastKnownFileType = text.plist.xml; path = Info.plist; sourceTree = "<group>"; };
		1B34E2C51FEE2C4C005B4C6F /* TableViewCell1.h */ = {isa = PBXFileReference; fileEncoding = 4; lastKnownFileType = sourcecode.c.h; path = TableViewCell1.h; sourceTree = "<group>"; };
		1B34E2C61FEE2C4C005B4C6F /* TableViewCell1.m */ = {isa = PBXFileReference; fileEncoding = 4; lastKnownFileType = sourcecode.c.objc; path = TableViewCell1.m; sourceTree = "<group>"; };
		1B34E2C81FEE2E46005B4C6F /* TableViewCell2.h */ = {isa = PBXFileReference; fileEncoding = 4; lastKnownFileType = sourcecode.c.h; path = TableViewCell2.h; sourceTree = "<group>"; };
		1B34E2C91FEE2E46005B4C6F /* TableViewCell2.m */ = {isa = PBXFileReference; fileEncoding = 4; lastKnownFileType = sourcecode.c.objc; path = TableViewCell2.m; sourceTree = "<group>"; };
		59C21B6829D20CF30BA33632 /* libPods-cell的高度自动计算的三方开源库.a */ = {isa = PBXFileReference; explicitFileType = archive.ar; includeInIndex = 0; path = "libPods-cell的高度自动计算的三方开源库.a"; sourceTree = BUILT_PRODUCTS_DIR; };
		9720DEA914DB9E7A1D8B6AE2 /* Pods-cell的高度自动计算的三方开源库.debug.xcconfig */ = {isa = PBXFileReference; includeInIndex = 1; lastKnownFileType = text.xcconfig; name = "Pods-cell的高度自动计算的三方开源库.debug.xcconfig"; path = "Pods/Target Support Files/Pods-cell的高度自动计算的三方开源库/Pods-cell的高度自动计算的三方开源库.debug.xcconfig"; sourceTree = "<group>"; };
		C6AA274BDDCB15B7444A0818 /* Pods-cell的高度自动计算的三方开源库.release.xcconfig */ = {isa = PBXFileReference; includeInIndex = 1; lastKnownFileType = text.xcconfig; name = "Pods-cell的高度自动计算的三方开源库.release.xcconfig"; path = "Pods/Target Support Files/Pods-cell的高度自动计算的三方开源库/Pods-cell的高度自动计算的三方开源库.release.xcconfig"; sourceTree = "<group>"; };
/* End PBXFileReference section */

/* Begin PBXFrameworksBuildPhase section */
		1B34E2A71FEE24C9005B4C6F /* Frameworks */ = {
			isa = PBXFrameworksBuildPhase;
			buildActionMask = 2147483647;
			files = (
				92BA566D2AD27191A303E9F3 /* libPods-cell的高度自动计算的三方开源库.a in Frameworks */,
			);
			runOnlyForDeploymentPostprocessing = 0;
		};
/* End PBXFrameworksBuildPhase section */

/* Begin PBXGroup section */
		1B34E2A11FEE24C9005B4C6F = {
			isa = PBXGroup;
			children = (
				1B34E2AC1FEE24C9005B4C6F /* cell的高度自动计算的三方开源库 */,
				1B34E2AB1FEE24C9005B4C6F /* Products */,
				7EB1EFC9D039679119D15178 /* Pods */,
				E6085A182BCB82AEB7860299 /* Frameworks */,
			);
			sourceTree = "<group>";
		};
		1B34E2AB1FEE24C9005B4C6F /* Products */ = {
			isa = PBXGroup;
			children = (
				1B34E2AA1FEE24C9005B4C6F /* cell的高度自动计算的三方开源库.app */,
			);
			name = Products;
			sourceTree = "<group>";
		};
		1B34E2AC1FEE24C9005B4C6F /* cell的高度自动计算的三方开源库 */ = {
			isa = PBXGroup;
			children = (
				1B34E2C41FEE2C2F005B4C6F /* cell */,
				1B34E2B01FEE24C9005B4C6F /* AppDelegate.h */,
				1B34E2B11FEE24C9005B4C6F /* AppDelegate.m */,
				1B34E2B31FEE24C9005B4C6F /* ViewController.h */,
				1B34E2B41FEE24C9005B4C6F /* ViewController.m */,
				1B34E2B61FEE24C9005B4C6F /* Main.storyboard */,
				1B34E2B91FEE24C9005B4C6F /* Assets.xcassets */,
				1B34E2BB1FEE24C9005B4C6F /* LaunchScreen.storyboard */,
				1B34E2BE1FEE24C9005B4C6F /* Info.plist */,
				1B34E2AD1FEE24C9005B4C6F /* Supporting Files */,
			);
			path = "cell的高度自动计算的三方开源库";
			sourceTree = "<group>";
		};
		1B34E2AD1FEE24C9005B4C6F /* Supporting Files */ = {
			isa = PBXGroup;
			children = (
				1B34E2AE1FEE24C9005B4C6F /* main.m */,
			);
			name = "Supporting Files";
			sourceTree = "<group>";
		};
		1B34E2C41FEE2C2F005B4C6F /* cell */ = {
			isa = PBXGroup;
			children = (
				1B34E2C51FEE2C4C005B4C6F /* TableViewCell1.h */,
				1B34E2C61FEE2C4C005B4C6F /* TableViewCell1.m */,
				1B34E2C81FEE2E46005B4C6F /* TableViewCell2.h */,
				1B34E2C91FEE2E46005B4C6F /* TableViewCell2.m */,
			);
			name = cell;
			sourceTree = "<group>";
		};
		7EB1EFC9D039679119D15178 /* Pods */ = {
			isa = PBXGroup;
			children = (
				9720DEA914DB9E7A1D8B6AE2 /* Pods-cell的高度自动计算的三方开源库.debug.xcconfig */,
				C6AA274BDDCB15B7444A0818 /* Pods-cell的高度自动计算的三方开源库.release.xcconfig */,
			);
			name = Pods;
			sourceTree = "<group>";
		};
		E6085A182BCB82AEB7860299 /* Frameworks */ = {
			isa = PBXGroup;
			children = (
				59C21B6829D20CF30BA33632 /* libPods-cell的高度自动计算的三方开源库.a */,
			);
			name = Frameworks;
			sourceTree = "<group>";
		};
/* End PBXGroup section */

/* Begin PBXNativeTarget section */
		1B34E2A91FEE24C9005B4C6F /* cell的高度自动计算的三方开源库 */ = {
			isa = PBXNativeTarget;
			buildConfigurationList = 1B34E2C11FEE24C9005B4C6F /* Build configuration list for PBXNativeTarget "cell的高度自动计算的三方开源库" */;
			buildPhases = (
				8A1743B1D2AE3E901D30D572 /* [CP] Check Pods Manifest.lock */,
				1B34E2A61FEE24C9005B4C6F /* Sources */,
				1B34E2A71FEE24C9005B4C6F /* Frameworks */,
				1B34E2A81FEE24C9005B4C6F /* Resources */,
				8497740BD5712B8A2293FDA1 /* [CP] Embed Pods Frameworks */,
				E7DB7DB13EE25E37D18688E2 /* [CP] Copy Pods Resources */,
			);
			buildRules = (
			);
			dependencies = (
			);
			name = "cell的高度自动计算的三方开源库";
			productName = "cell的高度自动计算的三方开源库";
			productReference = 1B34E2AA1FEE24C9005B4C6F /* cell的高度自动计算的三方开源库.app */;
			productType = "com.apple.product-type.application";
		};
/* End PBXNativeTarget section */

/* Begin PBXProject section */
		1B34E2A21FEE24C9005B4C6F /* Project object */ = {
			isa = PBXProject;
			attributes = {
				LastUpgradeCheck = 0820;
				ORGANIZATIONNAME = "to-explore-future";
				TargetAttributes = {
					1B34E2A91FEE24C9005B4C6F = {
						CreatedOnToolsVersion = 8.2.1;
						ProvisioningStyle = Automatic;
					};
				};
			};
			buildConfigurationList = 1B34E2A51FEE24C9005B4C6F /* Build configuration list for PBXProject "cell的高度自动计算的三方开源库" */;
			compatibilityVersion = "Xcode 3.2";
			developmentRegion = English;
			hasScannedForEncodings = 0;
			knownRegions = (
				en,
				Base,
			);
			mainGroup = 1B34E2A11FEE24C9005B4C6F;
			productRefGroup = 1B34E2AB1FEE24C9005B4C6F /* Products */;
			projectDirPath = "";
			projectRoot = "";
			targets = (
				1B34E2A91FEE24C9005B4C6F /* cell的高度自动计算的三方开源库 */,
			);
		};
/* End PBXProject section */

/* Begin PBXResourcesBuildPhase section */
		1B34E2A81FEE24C9005B4C6F /* Resources */ = {
			isa = PBXResourcesBuildPhase;
			buildActionMask = 2147483647;
			files = (
				1B34E2BD1FEE24C9005B4C6F /* LaunchScreen.storyboard in Resources */,
				1B34E2BA1FEE24C9005B4C6F /* Assets.xcassets in Resources */,
				1B34E2B81FEE24C9005B4C6F /* Main.storyboard in Resources */,
			);
			runOnlyForDeploymentPostprocessing = 0;
		};
/* End PBXResourcesBuildPhase section */

/* Begin PBXShellScriptBuildPhase section */
		8497740BD5712B8A2293FDA1 /* [CP] Embed Pods Frameworks */ = {
			isa = PBXShellScriptBuildPhase;
			buildActionMask = 2147483647;
			files = (
			);
			inputPaths = (
			);
			name = "[CP] Embed Pods Frameworks";
			outputPaths = (
			);
			runOnlyForDeploymentPostprocessing = 0;
			shellPath = /bin/sh;
			shellScript = "\"${SRCROOT}/Pods/Target Support Files/Pods-cell的高度自动计算的三方开源库/Pods-cell的高度自动计算的三方开源库-frameworks.sh\"\n";
			showEnvVarsInLog = 0;
		};
		8A1743B1D2AE3E901D30D572 /* [CP] Check Pods Manifest.lock */ = {
			isa = PBXShellScriptBuildPhase;
			buildActionMask = 2147483647;
			files = (
			);
			inputPaths = (
				"${PODS_PODFILE_DIR_PATH}/Podfile.lock",
				"${PODS_ROOT}/Manifest.lock",
			);
			name = "[CP] Check Pods Manifest.lock";
			outputPaths = (
				"$(DERIVED_FILE_DIR)/Pods-cell的高度自动计算的三方开源库-checkManifestLockResult.txt",
			);
			runOnlyForDeploymentPostprocessing = 0;
			shellPath = /bin/sh;
			shellScript = "diff \"${PODS_PODFILE_DIR_PATH}/Podfile.lock\" \"${PODS_ROOT}/Manifest.lock\" > /dev/null\nif [ $? != 0 ] ; then\n    # print error to STDERR\n    echo \"error: The sandbox is not in sync with the Podfile.lock. Run 'pod install' or update your CocoaPods installation.\" >&2\n    exit 1\nfi\n# This output is used by Xcode 'outputs' to avoid re-running this script phase.\necho \"SUCCESS\" > \"${SCRIPT_OUTPUT_FILE_0}\"\n";
			showEnvVarsInLog = 0;
		};
		E7DB7DB13EE25E37D18688E2 /* [CP] Copy Pods Resources */ = {
			isa = PBXShellScriptBuildPhase;
			buildActionMask = 2147483647;
			files = (
			);
			inputPaths = (
			);
			name = "[CP] Copy Pods Resources";
			outputPaths = (
			);
			runOnlyForDeploymentPostprocessing = 0;
			shellPath = /bin/sh;
			shellScript = "\"${SRCROOT}/Pods/Target Support Files/Pods-cell的高度自动计算的三方开源库/Pods-cell的高度自动计算的三方开源库-resources.sh\"\n";
			showEnvVarsInLog = 0;
		};
/* End PBXShellScriptBuildPhase section */

/* Begin PBXSourcesBuildPhase section */
		1B34E2A61FEE24C9005B4C6F /* Sources */ = {
			isa = PBXSourcesBuildPhase;
			buildActionMask = 2147483647;
			files = (
				1B34E2CA1FEE2E46005B4C6F /* TableViewCell2.m in Sources */,
				1B34E2B51FEE24C9005B4C6F /* ViewController.m in Sources */,
				1B34E2B21FEE24C9005B4C6F /* AppDelegate.m in Sources */,
				1B34E2AF1FEE24C9005B4C6F /* main.m in Sources */,
				1B34E2C71FEE2C4C005B4C6F /* TableViewCell1.m in Sources */,
			);
			runOnlyForDeploymentPostprocessing = 0;
		};
/* End PBXSourcesBuildPhase section */

/* Begin PBXVariantGroup section */
		1B34E2B61FEE24C9005B4C6F /* Main.storyboard */ = {
			isa = PBXVariantGroup;
			children = (
				1B34E2B71FEE24C9005B4C6F /* Base */,
			);
			name = Main.storyboard;
			sourceTree = "<group>";
		};
		1B34E2BB1FEE24C9005B4C6F /* LaunchScreen.storyboard */ = {
			isa = PBXVariantGroup;
			children = (
				1B34E2BC1FEE24C9005B4C6F /* Base */,
			);
			name = LaunchScreen.storyboard;
			sourceTree = "<group>";
		};
/* End PBXVariantGroup section */

/* Begin XCBuildConfiguration section */
		1B34E2BF1FEE24C9005B4C6F /* Debug */ = {
			isa = XCBuildConfiguration;
			buildSettings = {
				ALWAYS_SEARCH_USER_PATHS = NO;
				CLANG_ANALYZER_NONNULL = YES;
				CLANG_CXX_LANGUAGE_STANDARD = "gnu++0x";
				CLANG_CXX_LIBRARY = "libc++";
				CLANG_ENABLE_MODULES = YES;
				CLANG_ENABLE_OBJC_ARC = YES;
				CLANG_WARN_BOOL_CONVERSION = YES;
				CLANG_WARN_CONSTANT_CONVERSION = YES;
				CLANG_WARN_DIRECT_OBJC_ISA_USAGE = YES_ERROR;
				CLANG_WARN_DOCUMENTATION_COMMENTS = YES;
				CLANG_WARN_EMPTY_BODY = YES;
				CLANG_WARN_ENUM_CONVERSION = YES;
				CLANG_WARN_INFINITE_RECURSION = YES;
				CLANG_WARN_INT_CONVERSION = YES;
				CLANG_WARN_OBJC_ROOT_CLASS = YES_ERROR;
				CLANG_WARN_SUSPICIOUS_MOVE = YES;
				CLANG_WARN_UNREACHABLE_CODE = YES;
				CLANG_WARN__DUPLICATE_METHOD_MATCH = YES;
				"CODE_SIGN_IDENTITY[sdk=iphoneos*]" = "iPhone Developer";
				COPY_PHASE_STRIP = NO;
				DEBUG_INFORMATION_FORMAT = dwarf;
				ENABLE_STRICT_OBJC_MSGSEND = YES;
				ENABLE_TESTABILITY = YES;
				GCC_C_LANGUAGE_STANDARD = gnu99;
				GCC_DYNAMIC_NO_PIC = NO;
				GCC_NO_COMMON_BLOCKS = YES;
				GCC_OPTIMIZATION_LEVEL = 0;
				GCC_PREPROCESSOR_DEFINITIONS = (
					"DEBUG=1",
					"$(inherited)",
				);
				GCC_WARN_64_TO_32_BIT_CONVERSION = YES;
				GCC_WARN_ABOUT_RETURN_TYPE = YES_ERROR;
				GCC_WARN_UNDECLARED_SELECTOR = YES;
				GCC_WARN_UNINITIALIZED_AUTOS = YES_AGGRESSIVE;
				GCC_WARN_UNUSED_FUNCTION = YES;
				GCC_WARN_UNUSED_VARIABLE = YES;
				IPHONEOS_DEPLOYMENT_TARGET = 10.2;
				MTL_ENABLE_DEBUG_INFO = YES;
				ONLY_ACTIVE_ARCH = YES;
				SDKROOT = iphoneos;
			};
			name = Debug;
		};
		1B34E2C01FEE24C9005B4C6F /* Release */ = {
			isa = XCBuildConfiguration;
			buildSettings = {
				ALWAYS_SEARCH_USER_PATHS = NO;
				CLANG_ANALYZER_NONNULL = YES;
				CLANG_CXX_LANGUAGE_STANDARD = "gnu++0x";
				CLANG_CXX_LIBRARY = "libc++";
				CLANG_ENABLE_MODULES = YES;
				CLANG_ENABLE_OBJC_ARC = YES;
				CLANG_WARN_BOOL_CONVERSION = YES;
				CLANG_WARN_CONSTANT_CONVERSION = YES;
				CLANG_WARN_DIRECT_OBJC_ISA_USAGE = YES_ERROR;
				CLANG_WARN_DOCUMENTATION_COMMENTS = YES;
				CLANG_WARN_EMPTY_BODY = YES;
				CLANG_WARN_ENUM_CONVERSION = YES;
				CLANG_WARN_INFINITE_RECURSION = YES;
				CLANG_WARN_INT_CONVERSION = YES;
				CLANG_WARN_OBJC_ROOT_CLASS = YES_ERROR;
				CLANG_WARN_SUSPICIOUS_MOVE = YES;
				CLANG_WARN_UNREACHABLE_CODE = YES;
				CLANG_WARN__DUPLICATE_METHOD_MATCH = YES;
				"CODE_SIGN_IDENTITY[sdk=iphoneos*]" = "iPhone Developer";
				COPY_PHASE_STRIP = NO;
				DEBUG_INFORMATION_FORMAT = "dwarf-with-dsym";
				ENABLE_NS_ASSERTIONS = NO;
				ENABLE_STRICT_OBJC_MSGSEND = YES;
				GCC_C_LANGUAGE_STANDARD = gnu99;
				GCC_NO_COMMON_BLOCKS = YES;
				GCC_WARN_64_TO_32_BIT_CONVERSION = YES;
				GCC_WARN_ABOUT_RETURN_TYPE = YES_ERROR;
				GCC_WARN_UNDECLARED_SELECTOR = YES;
				GCC_WARN_UNINITIALIZED_AUTOS = YES_AGGRESSIVE;
				GCC_WARN_UNUSED_FUNCTION = YES;
				GCC_WARN_UNUSED_VARIABLE = YES;
				IPHONEOS_DEPLOYMENT_TARGET = 10.2;
				MTL_ENABLE_DEBUG_INFO = NO;
				SDKROOT = iphoneos;
				VALIDATE_PRODUCT = YES;
			};
			name = Release;
		};
		1B34E2C21FEE24C9005B4C6F /* Debug */ = {
			isa = XCBuildConfiguration;
			baseConfigurationReference = 9720DEA914DB9E7A1D8B6AE2 /* Pods-cell的高度自动计算的三方开源库.debug.xcconfig */;
			buildSettings = {
				ASSETCATALOG_COMPILER_APPICON_NAME = AppIcon;
				INFOPLIST_FILE = "cell的高度自动计算的三方开源库/Info.plist";
				LD_RUNPATH_SEARCH_PATHS = "$(inherited) @executable_path/Frameworks";
				PRODUCT_BUNDLE_IDENTIFIER = "com.zq.cell-------------";
				PRODUCT_NAME = "$(TARGET_NAME)";
			};
			name = Debug;
		};
		1B34E2C31FEE24C9005B4C6F /* Release */ = {
			isa = XCBuildConfiguration;
			baseConfigurationReference = C6AA274BDDCB15B7444A0818 /* Pods-cell的高度自动计算的三方开源库.release.xcconfig */;
			buildSettings = {
				ASSETCATALOG_COMPILER_APPICON_NAME = AppIcon;
				INFOPLIST_FILE = "cell的高度自动计算的三方开源库/Info.plist";
				LD_RUNPATH_SEARCH_PATHS = "$(inherited) @executable_path/Frameworks";
				PRODUCT_BUNDLE_IDENTIFIER = "com.zq.cell-------------";
				PRODUCT_NAME = "$(TARGET_NAME)";
			};
			name = Release;
		};
/* End XCBuildConfiguration section */

/* Begin XCConfigurationList section */
		1B34E2A51FEE24C9005B4C6F /* Build configuration list for PBXProject "cell的高度自动计算的三方开源库" */ = {
			isa = XCConfigurationList;
			buildConfigurations = (
				1B34E2BF1FEE24C9005B4C6F /* Debug */,
				1B34E2C01FEE24C9005B4C6F /* Release */,
			);
			defaultConfigurationIsVisible = 0;
			defaultConfigurationName = Release;
		};
		1B34E2C11FEE24C9005B4C6F /* Build configuration list for PBXNativeTarget "cell的高度自动计算的三方开源库" */ = {
			isa = XCConfigurationList;
			buildConfigurations = (
				1B34E2C21FEE24C9005B4C6F /* Debug */,
				1B34E2C31FEE24C9005B4C6F /* Release */,
			);
			defaultConfigurationIsVisible = 0;
			defaultConfigurationName = Release;
		};
/* End XCConfigurationList section */
	};
	rootObject = 1B34E2A21FEE24C9005B4C6F /* Project object */;
}
