// !$*UTF8*$!
{
	archiveVersion = 1;
	classes = {
	};
	objectVersion = 46;
	objects = {

/* Begin PBXBuildFile section */
		1B8440701FB70B0C001DA4AA /* main.m in Sources */ = {isa = PBXBuildFile; fileRef = 1B84406F1FB70B0C001DA4AA /* main.m */; };
		1B8440731FB70B0C001DA4AA /* AppDelegate.m in Sources */ = {isa = PBXBuildFile; fileRef = 1B8440721FB70B0C001DA4AA /* AppDelegate.m */; };
		1B8440761FB70B0C001DA4AA /* ViewController.m in Sources */ = {isa = PBXBuildFile; fileRef = 1B8440751FB70B0C001DA4AA /* ViewController.m */; };
		1B8440791FB70B0C001DA4AA /* Main.storyboard in Resources */ = {isa = PBXBuildFile; fileRef = 1B8440771FB70B0C001DA4AA /* Main.storyboard */; };
		1B84407B1FB70B0C001DA4AA /* Assets.xcassets in Resources */ = {isa = PBXBuildFile; fileRef = 1B84407A1FB70B0C001DA4AA /* Assets.xcassets */; };
		1B84407E1FB70B0C001DA4AA /* LaunchScreen.storyboard in Resources */ = {isa = PBXBuildFile; fileRef = 1B84407C1FB70B0C001DA4AA /* LaunchScreen.storyboard */; };
		1B8440861FB70EA2001DA4AA /* images.plist in Resources */ = {isa = PBXBuildFile; fileRef = 1B8440851FB70EA2001DA4AA /* images.plist */; };
/* End PBXBuildFile section */

/* Begin PBXFileReference section */
		1B84406B1FB70B0C001DA4AA /* 图片浏览-plist.app */ = {isa = PBXFileReference; explicitFileType = wrapper.application; includeInIndex = 0; path = "图片浏览-plist.app"; sourceTree = BUILT_PRODUCTS_DIR; };
		1B84406F1FB70B0C001DA4AA /* main.m */ = {isa = PBXFileReference; lastKnownFileType = sourcecode.c.objc; path = main.m; sourceTree = "<group>"; };
		1B8440711FB70B0C001DA4AA /* AppDelegate.h */ = {isa = PBXFileReference; lastKnownFileType = sourcecode.c.h; path = AppDelegate.h; sourceTree = "<group>"; };
		1B8440721FB70B0C001DA4AA /* AppDelegate.m */ = {isa = PBXFileReference; lastKnownFileType = sourcecode.c.objc; path = AppDelegate.m; sourceTree = "<group>"; };
		1B8440741FB70B0C001DA4AA /* ViewController.h */ = {isa = PBXFileReference; lastKnownFileType = sourcecode.c.h; path = ViewController.h; sourceTree = "<group>"; };
		1B8440751FB70B0C001DA4AA /* ViewController.m */ = {isa = PBXFileReference; lastKnownFileType = sourcecode.c.objc; path = ViewController.m; sourceTree = "<group>"; };
		1B8440781FB70B0C001DA4AA /* Base */ = {isa = PBXFileReference; lastKnownFileType = file.storyboard; name = Base; path = Base.lproj/Main.storyboard; sourceTree = "<group>"; };
		1B84407A1FB70B0C001DA4AA /* Assets.xcassets */ = {isa = PBXFileReference; lastKnownFileType = folder.assetcatalog; path = Assets.xcassets; sourceTree = "<group>"; };
		1B84407D1FB70B0C001DA4AA /* Base */ = {isa = PBXFileReference; lastKnownFileType = file.storyboard; name = Base; path = Base.lproj/LaunchScreen.storyboard; sourceTree = "<group>"; };
		1B84407F1FB70B0C001DA4AA /* Info.plist */ = {isa = PBXFileReference; lastKnownFileType = text.plist.xml; path = Info.plist; sourceTree = "<group>"; };
		1B8440851FB70EA2001DA4AA /* images.plist */ = {isa = PBXFileReference; fileEncoding = 4; lastKnownFileType = text.plist.xml; path = images.plist; sourceTree = "<group>"; };
/* End PBXFileReference section */

/* Begin PBXFrameworksBuildPhase section */
		1B8440681FB70B0C001DA4AA /* Frameworks */ = {
			isa = PBXFrameworksBuildPhase;
			buildActionMask = 2147483647;
			files = (
			);
			runOnlyForDeploymentPostprocessing = 0;
		};
/* End PBXFrameworksBuildPhase section */

/* Begin PBXGroup section */
		1B8440621FB70B0C001DA4AA = {
			isa = PBXGroup;
			children = (
				1B84406D1FB70B0C001DA4AA /* 图片浏览-plist */,
				1B84406C1FB70B0C001DA4AA /* Products */,
			);
			sourceTree = "<group>";
		};
		1B84406C1FB70B0C001DA4AA /* Products */ = {
			isa = PBXGroup;
			children = (
				1B84406B1FB70B0C001DA4AA /* 图片浏览-plist.app */,
			);
			name = Products;
			sourceTree = "<group>";
		};
		1B84406D1FB70B0C001DA4AA /* 图片浏览-plist */ = {
			isa = PBXGroup;
			children = (
				1B8440711FB70B0C001DA4AA /* AppDelegate.h */,
				1B8440721FB70B0C001DA4AA /* AppDelegate.m */,
				1B8440741FB70B0C001DA4AA /* ViewController.h */,
				1B8440751FB70B0C001DA4AA /* ViewController.m */,
				1B8440771FB70B0C001DA4AA /* Main.storyboard */,
				1B8440851FB70EA2001DA4AA /* images.plist */,
				1B84407A1FB70B0C001DA4AA /* Assets.xcassets */,
				1B84407C1FB70B0C001DA4AA /* LaunchScreen.storyboard */,
				1B84407F1FB70B0C001DA4AA /* Info.plist */,
				1B84406E1FB70B0C001DA4AA /* Supporting Files */,
			);
			path = "图片浏览-plist";
			sourceTree = "<group>";
		};
		1B84406E1FB70B0C001DA4AA /* Supporting Files */ = {
			isa = PBXGroup;
			children = (
				1B84406F1FB70B0C001DA4AA /* main.m */,
			);
			name = "Supporting Files";
			sourceTree = "<group>";
		};
/* End PBXGroup section */

/* Begin PBXNativeTarget section */
		1B84406A1FB70B0C001DA4AA /* 图片浏览-plist */ = {
			isa = PBXNativeTarget;
			buildConfigurationList = 1B8440821FB70B0C001DA4AA /* Build configuration list for PBXNativeTarget "图片浏览-plist" */;
			buildPhases = (
				1B8440671FB70B0C001DA4AA /* Sources */,
				1B8440681FB70B0C001DA4AA /* Frameworks */,
				1B8440691FB70B0C001DA4AA /* Resources */,
			);
			buildRules = (
			);
			dependencies = (
			);
			name = "图片浏览-plist";
			productName = "图片浏览-plist";
			productReference = 1B84406B1FB70B0C001DA4AA /* 图片浏览-plist.app */;
			productType = "com.apple.product-type.application";
		};
/* End PBXNativeTarget section */

/* Begin PBXProject section */
		1B8440631FB70B0C001DA4AA /* Project object */ = {
			isa = PBXProject;
			attributes = {
				LastUpgradeCheck = 0820;
				ORGANIZATIONNAME = "to-explore-future";
				TargetAttributes = {
					1B84406A1FB70B0C001DA4AA = {
						CreatedOnToolsVersion = 8.2.1;
						ProvisioningStyle = Automatic;
					};
				};
			};
			buildConfigurationList = 1B8440661FB70B0C001DA4AA /* Build configuration list for PBXProject "图片浏览-plist" */;
			compatibilityVersion = "Xcode 3.2";
			developmentRegion = English;
			hasScannedForEncodings = 0;
			knownRegions = (
				en,
				Base,
			);
			mainGroup = 1B8440621FB70B0C001DA4AA;
			productRefGroup = 1B84406C1FB70B0C001DA4AA /* Products */;
			projectDirPath = "";
			projectRoot = "";
			targets = (
				1B84406A1FB70B0C001DA4AA /* 图片浏览-plist */,
			);
		};
/* End PBXProject section */

/* Begin PBXResourcesBuildPhase section */
		1B8440691FB70B0C001DA4AA /* Resources */ = {
			isa = PBXResourcesBuildPhase;
			buildActionMask = 2147483647;
			files = (
				1B8440861FB70EA2001DA4AA /* images.plist in Resources */,
				1B84407E1FB70B0C001DA4AA /* LaunchScreen.storyboard in Resources */,
				1B84407B1FB70B0C001DA4AA /* Assets.xcassets in Resources */,
				1B8440791FB70B0C001DA4AA /* Main.storyboard in Resources */,
			);
			runOnlyForDeploymentPostprocessing = 0;
		};
/* End PBXResourcesBuildPhase section */

/* Begin PBXSourcesBuildPhase section */
		1B8440671FB70B0C001DA4AA /* Sources */ = {
			isa = PBXSourcesBuildPhase;
			buildActionMask = 2147483647;
			files = (
				1B8440761FB70B0C001DA4AA /* ViewController.m in Sources */,
				1B8440731FB70B0C001DA4AA /* AppDelegate.m in Sources */,
				1B8440701FB70B0C001DA4AA /* main.m in Sources */,
			);
			runOnlyForDeploymentPostprocessing = 0;
		};
/* End PBXSourcesBuildPhase section */

/* Begin PBXVariantGroup section */
		1B8440771FB70B0C001DA4AA /* Main.storyboard */ = {
			isa = PBXVariantGroup;
			children = (
				1B8440781FB70B0C001DA4AA /* Base */,
			);
			name = Main.storyboard;
			sourceTree = "<group>";
		};
		1B84407C1FB70B0C001DA4AA /* LaunchScreen.storyboard */ = {
			isa = PBXVariantGroup;
			children = (
				1B84407D1FB70B0C001DA4AA /* Base */,
			);
			name = LaunchScreen.storyboard;
			sourceTree = "<group>";
		};
/* End PBXVariantGroup section */

/* Begin XCBuildConfiguration section */
		1B8440801FB70B0C001DA4AA /* Debug */ = {
			isa = XCBuildConfiguration;
			buildSettings = {
				ALWAYS_SEARCH_USER_PATHS = NO;
				CLANG_ANALYZER_NONNULL = YES;
				CLANG_CXX_LANGUAGE_STANDARD = "gnu++0x";
				CLANG_CXX_LIBRARY = "libc++";
				CLANG_ENABLE_MODULES = YES;
				CLANG_ENABLE_OBJC_ARC = YES;
				CLANG_WARN_BOOL_CONVERSION = YES;
				CLANG_WARN_CONSTANT_CONVERSION = YES;
				CLANG_WARN_DIRECT_OBJC_ISA_USAGE = YES_ERROR;
				CLANG_WARN_DOCUMENTATION_COMMENTS = YES;
				CLANG_WARN_EMPTY_BODY = YES;
				CLANG_WARN_ENUM_CONVERSION = YES;
				CLANG_WARN_INFINITE_RECURSION = YES;
				CLANG_WARN_INT_CONVERSION = YES;
				CLANG_WARN_OBJC_ROOT_CLASS = YES_ERROR;
				CLANG_WARN_SUSPICIOUS_MOVE = YES;
				CLANG_WARN_UNREACHABLE_CODE = YES;
				CLANG_WARN__DUPLICATE_METHOD_MATCH = YES;
				"CODE_SIGN_IDENTITY[sdk=iphoneos*]" = "iPhone Developer";
				COPY_PHASE_STRIP = NO;
				DEBUG_INFORMATION_FORMAT = dwarf;
				ENABLE_STRICT_OBJC_MSGSEND = YES;
				ENABLE_TESTABILITY = YES;
				GCC_C_LANGUAGE_STANDARD = gnu99;
				GCC_DYNAMIC_NO_PIC = NO;
				GCC_NO_COMMON_BLOCKS = YES;
				GCC_OPTIMIZATION_LEVEL = 0;
				GCC_PREPROCESSOR_DEFINITIONS = (
					"DEBUG=1",
					"$(inherited)",
				);
				GCC_WARN_64_TO_32_BIT_CONVERSION = YES;
				GCC_WARN_ABOUT_RETURN_TYPE = YES_ERROR;
				GCC_WARN_UNDECLARED_SELECTOR = YES;
				GCC_WARN_UNINITIALIZED_AUTOS = YES_AGGRESSIVE;
				GCC_WARN_UNUSED_FUNCTION = YES;
				GCC_WARN_UNUSED_VARIABLE = YES;
				IPHONEOS_DEPLOYMENT_TARGET = 10.2;
				MTL_ENABLE_DEBUG_INFO = YES;
				ONLY_ACTIVE_ARCH = YES;
				SDKROOT = iphoneos;
			};
			name = Debug;
		};
		1B8440811FB70B0C001DA4AA /* Release */ = {
			isa = XCBuildConfiguration;
			buildSettings = {
				ALWAYS_SEARCH_USER_PATHS = NO;
				CLANG_ANALYZER_NONNULL = YES;
				CLANG_CXX_LANGUAGE_STANDARD = "gnu++0x";
				CLANG_CXX_LIBRARY = "libc++";
				CLANG_ENABLE_MODULES = YES;
				CLANG_ENABLE_OBJC_ARC = YES;
				CLANG_WARN_BOOL_CONVERSION = YES;
				CLANG_WARN_CONSTANT_CONVERSION = YES;
				CLANG_WARN_DIRECT_OBJC_ISA_USAGE = YES_ERROR;
				CLANG_WARN_DOCUMENTATION_COMMENTS = YES;
				CLANG_WARN_EMPTY_BODY = YES;
				CLANG_WARN_ENUM_CONVERSION = YES;
				CLANG_WARN_INFINITE_RECURSION = YES;
				CLANG_WARN_INT_CONVERSION = YES;
				CLANG_WARN_OBJC_ROOT_CLASS = YES_ERROR;
				CLANG_WARN_SUSPICIOUS_MOVE = YES;
				CLANG_WARN_UNREACHABLE_CODE = YES;
				CLANG_WARN__DUPLICATE_METHOD_MATCH = YES;
				"CODE_SIGN_IDENTITY[sdk=iphoneos*]" = "iPhone Developer";
				COPY_PHASE_STRIP = NO;
				DEBUG_INFORMATION_FORMAT = "dwarf-with-dsym";
				ENABLE_NS_ASSERTIONS = NO;
				ENABLE_STRICT_OBJC_MSGSEND = YES;
				GCC_C_LANGUAGE_STANDARD = gnu99;
				GCC_NO_COMMON_BLOCKS = YES;
				GCC_WARN_64_TO_32_BIT_CONVERSION = YES;
				GCC_WARN_ABOUT_RETURN_TYPE = YES_ERROR;
				GCC_WARN_UNDECLARED_SELECTOR = YES;
				GCC_WARN_UNINITIALIZED_AUTOS = YES_AGGRESSIVE;
				GCC_WARN_UNUSED_FUNCTION = YES;
				GCC_WARN_UNUSED_VARIABLE = YES;
				IPHONEOS_DEPLOYMENT_TARGET = 10.2;
				MTL_ENABLE_DEBUG_INFO = NO;
				SDKROOT = iphoneos;
				VALIDATE_PRODUCT = YES;
			};
			name = Release;
		};
		1B8440831FB70B0C001DA4AA /* Debug */ = {
			isa = XCBuildConfiguration;
			buildSettings = {
				ASSETCATALOG_COMPILER_APPICON_NAME = AppIcon;
				INFOPLIST_FILE = "图片浏览-plist/Info.plist";
				LD_RUNPATH_SEARCH_PATHS = "$(inherited) @executable_path/Frameworks";
				PRODUCT_BUNDLE_IDENTIFIER = "com.zq.-----plist";
				PRODUCT_NAME = "$(TARGET_NAME)";
			};
			name = Debug;
		};
		1B8440841FB70B0C001DA4AA /* Release */ = {
			isa = XCBuildConfiguration;
			buildSettings = {
				ASSETCATALOG_COMPILER_APPICON_NAME = AppIcon;
				INFOPLIST_FILE = "图片浏览-plist/Info.plist";
				LD_RUNPATH_SEARCH_PATHS = "$(inherited) @executable_path/Frameworks";
				PRODUCT_BUNDLE_IDENTIFIER = "com.zq.-----plist";
				PRODUCT_NAME = "$(TARGET_NAME)";
			};
			name = Release;
		};
/* End XCBuildConfiguration section */

/* Begin XCConfigurationList section */
		1B8440661FB70B0C001DA4AA /* Build configuration list for PBXProject "图片浏览-plist" */ = {
			isa = XCConfigurationList;
			buildConfigurations = (
				1B8440801FB70B0C001DA4AA /* Debug */,
				1B8440811FB70B0C001DA4AA /* Release */,
			);
			defaultConfigurationIsVisible = 0;
			defaultConfigurationName = Release;
		};
		1B8440821FB70B0C001DA4AA /* Build configuration list for PBXNativeTarget "图片浏览-plist" */ = {
			isa = XCConfigurationList;
			buildConfigurations = (
				1B8440831FB70B0C001DA4AA /* Debug */,
				1B8440841FB70B0C001DA4AA /* Release */,
			);
			defaultConfigurationIsVisible = 0;
		};
/* End XCConfigurationList section */
	};
	rootObject = 1B8440631FB70B0C001DA4AA /* Project object */;
}
